
Microsoft Visual Studio Solution File, Format Version 12.00
# Visual Studio Version 17
VisualStudioVersion = 17.9.34607.119
MinimumVisualStudioVersion = 10.0.40219.1
Project("{9A19103F-16F7-4668-BE54-9A1E7A4F7556}") = "Catalog", "Catalog.csproj", "{10D1F5E2-62CA-4F2F-AED2-F4342A9C1F77}"
EndProject
Global
	GlobalSection(SolutionConfigurationPlatforms) = preSolution
		Debug|Any CPU = Debug|Any CPU
		Release|Any CPU = Release|Any CPU
	EndGlobalSection
	GlobalSection(ProjectConfigurationPlatforms) = postSolution
		{10D1F5E2-62CA-4F2F-AED2-F4342A9C1F77}.Debug|Any CPU.ActiveCfg = Debug|Any CPU
		{10D1F5E2-62CA-4F2F-AED2-F4342A9C1F77}.Debug|Any CPU.Build.0 = Debug|Any CPU
		{10D1F5E2-62CA-4F2F-AED2-F4342A9C1F77}.Release|Any CPU.ActiveCfg = Release|Any CPU
		{10D1F5E2-62CA-4F2F-AED2-F4342A9C1F77}.Release|Any CPU.Build.0 = Release|Any CPU
	EndGlobalSection
	GlobalSection(SolutionProperties) = preSolution
		HideSolutionNode = FALSE
	EndGlobalSection
	GlobalSection(ExtensibilityGlobals) = postSolution
		SolutionGuid = {1E917E82-D0E5-4A85-A252-5B54058147B4}
	EndGlobalSection
EndGlobal
